
Microsoft Visual Studio Solution File, Format Version 12.00
# Visual Studio Version 16
VisualStudioVersion = 16.0.29021.104
MinimumVisualStudioVersion = 10.0.40219.1
Project("{2150E333-8FDC-42A3-9474-1A3956D46DE8}") = "Components", "Components", "{805BF731-9A99-41D0-9CA7-725BBA495044}"
EndProject
Project("{9A19103F-16F7-4668-BE54-9A1E7A4F7556}") = "BP.En30.NetCore", "Components\BP.En30\BP.En30.NetCore.csproj", "{C7E09A03-C692-487B-AA59-52516DA3EF0F}"
EndProject
Project("{9A19103F-16F7-4668-BE54-9A1E7A4F7556}") = "BP.WF.NetCore", "Components\BP.WF\BP.WF.NetCore.csproj", "{EFF57973-3D76-4CF4-9403-32B48E298CA7}"
EndProject
Project("{9A19103F-16F7-4668-BE54-9A1E7A4F7556}") = "CCFlow.NetCore", "CCFlow\CCFlow.NetCore.csproj", "{81B39ED5-BA2E-4401-8DEB-8660F9E77B51}"
EndProject
Global
	GlobalSection(SolutionConfigurationPlatforms) = preSolution
		Debug|Any CPU = Debug|Any CPU
		Release|Any CPU = Release|Any CPU
	EndGlobalSection
	GlobalSection(ProjectConfigurationPlatforms) = postSolution
		{C7E09A03-C692-487B-AA59-52516DA3EF0F}.Debug|Any CPU.ActiveCfg = Debug|Any CPU
		{C7E09A03-C692-487B-AA59-52516DA3EF0F}.Debug|Any CPU.Build.0 = Debug|Any CPU
		{C7E09A03-C692-487B-AA59-52516DA3EF0F}.Release|Any CPU.ActiveCfg = Release|Any CPU
		{C7E09A03-C692-487B-AA59-52516DA3EF0F}.Release|Any CPU.Build.0 = Release|Any CPU
		{EFF57973-3D76-4CF4-9403-32B48E298CA7}.Debug|Any CPU.ActiveCfg = Debug|Any CPU
		{EFF57973-3D76-4CF4-9403-32B48E298CA7}.Debug|Any CPU.Build.0 = Debug|Any CPU
		{EFF57973-3D76-4CF4-9403-32B48E298CA7}.Release|Any CPU.ActiveCfg = Release|Any CPU
		{EFF57973-3D76-4CF4-9403-32B48E298CA7}.Release|Any CPU.Build.0 = Release|Any CPU
		{81B39ED5-BA2E-4401-8DEB-8660F9E77B51}.Debug|Any CPU.ActiveCfg = Debug|Any CPU
		{81B39ED5-BA2E-4401-8DEB-8660F9E77B51}.Debug|Any CPU.Build.0 = Debug|Any CPU
		{81B39ED5-BA2E-4401-8DEB-8660F9E77B51}.Release|Any CPU.ActiveCfg = Release|Any CPU
		{81B39ED5-BA2E-4401-8DEB-8660F9E77B51}.Release|Any CPU.Build.0 = Release|Any CPU
	EndGlobalSection
	GlobalSection(SolutionProperties) = preSolution
		HideSolutionNode = FALSE
	EndGlobalSection
	GlobalSection(NestedProjects) = preSolution
		{C7E09A03-C692-487B-AA59-52516DA3EF0F} = {805BF731-9A99-41D0-9CA7-725BBA495044}
		{EFF57973-3D76-4CF4-9403-32B48E298CA7} = {805BF731-9A99-41D0-9CA7-725BBA495044}
	EndGlobalSection
	GlobalSection(ExtensibilityGlobals) = postSolution
		SolutionGuid = {26FFA382-FCC3-49E1-9FE2-FA1E17A5748D}
	EndGlobalSection
EndGlobal
